
Microsoft Visual Studio Solution File, Format Version 12.00
# Visual Studio 15
Project("{FAE04EC0-301F-11D3-BF4B-00C04F79EFBC}") = "battleships", "battleships\battleships.csproj", "{AB0B646E-75E1-4E1A-B6C0-BDA30174A830}"
EndProject
Project("{FAE04EC0-301F-11D3-BF4B-00C04F79EFBC}") = "battleships-test", "battleships-test\battleships-test.csproj", "{22D210BB-06EC-41DF-9F81-DD557AEB22F8}"
EndProject
Global
	GlobalSection(SolutionConfigurationPlatforms) = preSolution
		Debug|Any CPU = Debug|Any CPU
		Release|Any CPU = Release|Any CPU
	EndGlobalSection
	GlobalSection(ProjectConfigurationPlatforms) = postSolution
		{AB0B646E-75E1-4E1A-B6C0-BDA30174A830}.Debug|Any CPU.ActiveCfg = Debug|Any CPU
		{AB0B646E-75E1-4E1A-B6C0-BDA30174A830}.Debug|Any CPU.Build.0 = Debug|Any CPU
		{AB0B646E-75E1-4E1A-B6C0-BDA30174A830}.Release|Any CPU.ActiveCfg = Release|Any CPU
		{AB0B646E-75E1-4E1A-B6C0-BDA30174A830}.Release|Any CPU.Build.0 = Release|Any CPU
		{22D210BB-06EC-41DF-9F81-DD557AEB22F8}.Debug|Any CPU.ActiveCfg = Debug|Any CPU
		{22D210BB-06EC-41DF-9F81-DD557AEB22F8}.Debug|Any CPU.Build.0 = Debug|Any CPU
		{22D210BB-06EC-41DF-9F81-DD557AEB22F8}.Release|Any CPU.ActiveCfg = Release|Any CPU
		{22D210BB-06EC-41DF-9F81-DD557AEB22F8}.Release|Any CPU.Build.0 = Release|Any CPU
	EndGlobalSection
EndGlobal
